PODS:
  - AFNetworking (3.2.1):
    - AFNetworking/NSURLSession (= 3.2.1)
    - AFNetworking/Reachability (= 3.2.1)
    - AFNetworking/Security (= 3.2.1)
    - AFNetworking/Serialization (= 3.2.1)
    - AFNetworking/UIKit (= 3.2.1)
  - AFNetworking/NSURLSession (3.2.1):
    - AFNetworking/Reachability
    - AFNetworking/Security
    - AFNetworking/Serialization
  - AFNetworking/Reachability (3.2.1)
  - AFNetworking/Security (3.2.1)
  - AFNetworking/Serialization (3.2.1)
  - AFNetworking/UIKit (3.2.1):
    - AFNetworking/NSURLSession
  - Alamofire (4.7.3)
  - CodableAlamofire (1.1.0):
    - Alamofire (~> 4.0)
  - Crashlytics (3.10.7):
    - Fabric (~> 1.7.11)
  - EBForeNotification (1.0.7)
  - Fabric (1.7.11)
  - HexColors (2.3.0)
  - IGListKit (3.4.0):
    - IGListKit/Default (= 3.4.0)
  - IGListKit/Default (3.4.0):
    - IGListKit/Diffing
  - IGListKit/Diffing (3.4.0)
  - IQKeyboardManager (5.0.3)
  - Masonry (1.0.2)
  - MBProgressHUD (0.9.2)
  - MJRefresh (3.1.12)
  - Moya (11.0.2):
    - Moya/Core (= 11.0.2)
  - Moya/Core (11.0.2):
    - Alamofire (~> 4.1)
    - Result (~> 3.0)
  - ObjectMapper (3.3.0)
  - Result (3.2.4)
  - RxCocoa (4.3.1):
    - RxSwift (~> 4.0)
  - RxSwift (4.3.1)
  - SDWebImage (3.7.5):
    - SDWebImage/Core (= 3.7.5)
  - SDWebImage/Core (3.7.5)
  - "UITableView+FDTemplateLayoutCell (1.6)"
  - UMengAnalytics (4.2.4)
  - UMengUShare/Core (6.4.2):
    - UMengUShare/Network
  - UMengUShare/Network (6.4.2)
  - UMengUShare/Social/QQ (6.4.2):
    - UMengUShare/Core
    - UMengUShare/Social/ReducedQQ
  - UMengUShare/Social/ReducedQQ (6.4.2):
    - UMengUShare/Core
  - UMengUShare/Social/ReducedSina (6.4.2):
    - UMengUShare/Core
  - UMengUShare/Social/ReducedWeChat (6.4.2):
    - UMengUShare/Core
  - UMengUShare/Social/Sina (6.4.2):
    - UMengUShare/Core
    - UMengUShare/Social/ReducedSina
  - UMengUShare/Social/WeChat (6.4.2):
    - UMengUShare/Core
    - UMengUShare/Social/ReducedWeChat
  - YYModel (1.0.4)

DEPENDENCIES:
  - AFNetworking (= 3.2.1)
  - CodableAlamofire (= 1.1.0)
  - Crashlytics (= 3.10.7)
  - EBForeNotification (= 1.0.7)
  - Fabric (= 1.7.11)
  - HexColors (= 2.3.0)
  - IGListKit (from `https://github.com/Instagram/IGListKit.git`, branch `master`)
  - IQKeyboardManager (= 5.0.3)
  - Masonry (= 1.0.2)
  - MBProgressHUD (= 0.9.2)
  - MJRefresh (= 3.1.12)
  - Moya (= 11.0.2)
  - ObjectMapper (= 3.3.0)
  - RxCocoa (= 4.3.1)
  - RxSwift (= 4.3.1)
  - SDWebImage (= 3.7.5)
  - "UITableView+FDTemplateLayoutCell (from `https://github.com/forkingdog/UITableView-FDTemplateLayoutCell.git`, branch `master`)"
  - UMengAnalytics (= 4.2.4)
  - UMengUShare/Social/QQ (= 6.4.2)
  - UMengUShare/Social/Sina (= 6.4.2)
  - UMengUShare/Social/WeChat (= 6.4.2)
  - YYModel (= 1.0.4)

SPEC REPOS:
  https://github.com/cocoapods/specs.git:
    - AFNetworking
    - Alamofire
    - CodableAlamofire
    - Crashlytics
    - EBForeNotification
    - Fabric
    - HexColors
    - IQKeyboardManager
    - Masonry
    - MBProgressHUD
    - MJRefresh
    - Moya
    - ObjectMapper
    - Result
    - RxCocoa
    - RxSwift
    - SDWebImage
    - UMengAnalytics
    - UMengUShare
    - YYModel

EXTERNAL SOURCES:
  IGListKit:
    :branch: master
    :git: https://github.com/Instagram/IGListKit.git
  "UITableView+FDTemplateLayoutCell":
    :branch: master
    :git: https://github.com/forkingdog/UITableView-FDTemplateLayoutCell.git

CHECKOUT OPTIONS:
  IGListKit:
    :commit: 853b0377fc3f63402dec6efe5fa8e95850f908ef
    :git: https://github.com/Instagram/IGListKit.git
  "UITableView+FDTemplateLayoutCell":
    :commit: c624e4db4c6bc3723ba971218aa5454dd59c7415
    :git: https://github.com/forkingdog/UITableView-FDTemplateLayoutCell.git

SPEC CHECKSUMS:
  AFNetworking: b6f891fdfaed196b46c7a83cf209e09697b94057
  Alamofire: c7287b6e5d7da964a70935e5db17046b7fde6568
  CodableAlamofire: e2d2edcec7cf413f7862c30c8fa98eded27a83f9
  Crashlytics: ccaac42660eb9351b9960c0d66106b0bcf99f4fa
  EBForeNotification: d2426fa084f7af912c665b80529cfb3fe5dbdb79
  Fabric: f233c9492b3bbc1f04e3882986740f7988a58edb
  HexColors: 6ad3947c3447a055a3aa8efa859def096351fe5f
  IGListKit: 7a5d788e9fb746bcd402baa8e8b24bc3bd2a5a07
  IQKeyboardManager: dc5b18b47e5170e4d150bb86dbee8c8a2fc48997
  Masonry: 7c429b56da9d4ee0bbb3ed77a5ea710d6a5df39e
  MBProgressHUD: 1569cf7ace17a8bac47aabfbb8580a49690386d1
  MJRefresh: b96cdb21c4aa75a7b07654311ab2f315c497e806
  Moya: a725035953bc1c0eb1be505ab903984501d82440
  ObjectMapper: b612bf8c8e99c4dc0bb6013a51f7c27966ed5da9
  Result: d2d07204ce72856f1fd9130bbe42c35a7b0fea10
  RxCocoa: 78763c7b07d02455598d9fc3c1ad091a28b73635
  RxSwift: fe0fd770a43acdb7d0a53da411c9b892e69bb6e4
  SDWebImage: 69c6303e3348fba97e03f65d65d4fbc26740f461
  "UITableView+FDTemplateLayoutCell": 5c949b4a5059c404b442926c0e80f81d10a2d66f
  UMengAnalytics: ef8d45f94c0e5771dc364cf6a5731d9d3b101da2
  UMengUShare: 740664d1dd5cc2fb2cc3325d61e4b35539aa9c78
  YYModel: 2a7fdd96aaa4b86a824e26d0c517de8928c04b30

PODFILE CHECKSUM: eeb381d0388c596c4050f53f5f2e9a90bd9dc132

COCOAPODS: 1.5.2
